
Microsoft Visual Studio Solution File, Format Version 12.00
# Visual Studio 15
VisualStudioVersion = 15.0.26430.6
MinimumVisualStudioVersion = 10.0.40219.1
Project("{FAE04EC0-301F-11D3-BF4B-00C04F79EFBC}") = "ScrapeCDTest", "ScrapeCDTest\ScrapeCDTest.csproj", "{4650CAAF-ACD8-425B-BC0F-70AC6B81EF98}"
EndProject
Project("{FAE04EC0-301F-11D3-BF4B-00C04F79EFBC}") = "TestScrapeCDTest", "TestScrapeCDTest\TestScrapeCDTest.csproj", "{BF19C78B-9188-4208-827D-7FA73D83F723}"
EndProject
Global
	GlobalSection(SolutionConfigurationPlatforms) = preSolution
		Debug|Any CPU = Debug|Any CPU
		Release|Any CPU = Release|Any CPU
	EndGlobalSection
	GlobalSection(ProjectConfigurationPlatforms) = postSolution
		{4650CAAF-ACD8-425B-BC0F-70AC6B81EF98}.Debug|Any CPU.ActiveCfg = Debug|Any CPU
		{4650CAAF-ACD8-425B-BC0F-70AC6B81EF98}.Debug|Any CPU.Build.0 = Debug|Any CPU
		{4650CAAF-ACD8-425B-BC0F-70AC6B81EF98}.Release|Any CPU.ActiveCfg = Release|Any CPU
		{4650CAAF-ACD8-425B-BC0F-70AC6B81EF98}.Release|Any CPU.Build.0 = Release|Any CPU
		{BF19C78B-9188-4208-827D-7FA73D83F723}.Debug|Any CPU.ActiveCfg = Debug|Any CPU
		{BF19C78B-9188-4208-827D-7FA73D83F723}.Debug|Any CPU.Build.0 = Debug|Any CPU
		{BF19C78B-9188-4208-827D-7FA73D83F723}.Release|Any CPU.ActiveCfg = Release|Any CPU
		{BF19C78B-9188-4208-827D-7FA73D83F723}.Release|Any CPU.Build.0 = Release|Any CPU
	EndGlobalSection
	GlobalSection(SolutionProperties) = preSolution
		HideSolutionNode = FALSE
	EndGlobalSection
EndGlobal
